{
  "name": "testing",
  "version": "1.0.0",
  "lockfileVersion": 2,
  "requires": true,
  "packages": {
    "": {
      "name": "testing",
      "version": "1.0.0",
      "license": "ISC",
      "dependencies": {
        "@snapp-store/snapp-box-sdk": "file:..",
        "dotenv": "^16.0.2"
      }
    },
    "..": {
      "name": "@snapp-store/snapp-box-sdk",
      "version": "1.4.5",
      "license": "MIT",
      "dependencies": {
        "axios": "^0.27.2",
        "dotenv": "^16.0.2"
      },
      "devDependencies": {
        "@typescript-eslint/eslint-plugin": "^5.21.0",
        "@typescript-eslint/parser": "^5.21.0",
        "eslint": "^8.14.0",
        "eslint-config-airbnb-base": "^15.0.0",
        "eslint-config-prettier": "^8.5.0",
        "eslint-plugin-import": "^2.26.0",
        "eslint-plugin-prettier": "^4.0.0",
        "nodemon": "^2.0.16",
        "openapi-typescript-codegen": "^0.23.0",
        "prettier": "^2.6.2",
        "ts-node": "^10.7.0",
        "typescript": "^4.6.4"
      }
    },
    "node_modules/@snapp-store/snapp-box-sdk": {
      "resolved": "..",
      "link": true
    },
    "node_modules/dotenv": {
      "version": "16.0.2",
      "resolved": "https://registry.npmjs.org/dotenv/-/dotenv-16.0.2.tgz",
      "integrity": "sha512-JvpYKUmzQhYoIFgK2MOnF3bciIZoItIIoryihy0rIA+H4Jy0FmgyKYAHCTN98P5ybGSJcIFbh6QKeJdtZd1qhA==",
      "engines": {
        "node": ">=12"
      }
    }
  },
  "dependencies": {
    "@snapp-store/snapp-box-sdk": {
      "version": "file:..",
      "requires": {
        "@typescript-eslint/eslint-plugin": "^5.21.0",
        "@typescript-eslint/parser": "^5.21.0",
        "axios": "^0.27.2",
        "dotenv": "^16.0.2",
        "eslint": "^8.14.0",
        "eslint-config-airbnb-base": "^15.0.0",
        "eslint-config-prettier": "^8.5.0",
        "eslint-plugin-import": "^2.26.0",
        "eslint-plugin-prettier": "^4.0.0",
        "nodemon": "^2.0.16",
        "openapi-typescript-codegen": "^0.23.0",
        "prettier": "^2.6.2",
        "ts-node": "^10.7.0",
        "typescript": "^4.6.4"
      }
    },
    "dotenv": {
      "version": "16.0.2",
      "resolved": "https://registry.npmjs.org/dotenv/-/dotenv-16.0.2.tgz",
      "integrity": "sha512-JvpYKUmzQhYoIFgK2MOnF3bciIZoItIIoryihy0rIA+H4Jy0FmgyKYAHCTN98P5ybGSJcIFbh6QKeJdtZd1qhA=="
    }
  }
}
